
Microsoft Visual Studio Solution File, Format Version 12.00
# Visual Studio 2012
Project("{FAE04EC0-301F-11D3-BF4B-00C04F79EFBC}") = "ViagogoWatcher.Model.Test", "ViagogoWatcher.Model.Test\ViagogoWatcher.Model.Test.csproj", "{7C370452-955B-4160-91BD-23C9CF44249A}"
EndProject
Project("{FAE04EC0-301F-11D3-BF4B-00C04F79EFBC}") = "ViagogoWatcher.ConsoleWatcher", "ViagogoWatcher.ConsoleWatcher\ViagogoWatcher.ConsoleWatcher.csproj", "{F4A933ED-A584-46D2-B667-098E0B7E74D2}"
EndProject
Project("{FAE04EC0-301F-11D3-BF4B-00C04F79EFBC}") = "ViagogoWatcher.Model", "ViagogoWatcher.Model\ViagogoWatcher.Model.csproj", "{A7DF87F2-19EE-4395-AE09-61C2D45C942C}"
EndProject
Global
	GlobalSection(SolutionConfigurationPlatforms) = preSolution
		Debug|Any CPU = Debug|Any CPU
		Release|Any CPU = Release|Any CPU
	EndGlobalSection
	GlobalSection(ProjectConfigurationPlatforms) = postSolution
		{7C370452-955B-4160-91BD-23C9CF44249A}.Debug|Any CPU.ActiveCfg = Debug|Any CPU
		{7C370452-955B-4160-91BD-23C9CF44249A}.Debug|Any CPU.Build.0 = Debug|Any CPU
		{7C370452-955B-4160-91BD-23C9CF44249A}.Release|Any CPU.ActiveCfg = Release|Any CPU
		{7C370452-955B-4160-91BD-23C9CF44249A}.Release|Any CPU.Build.0 = Release|Any CPU
		{F4A933ED-A584-46D2-B667-098E0B7E74D2}.Debug|Any CPU.ActiveCfg = Debug|Any CPU
		{F4A933ED-A584-46D2-B667-098E0B7E74D2}.Debug|Any CPU.Build.0 = Debug|Any CPU
		{F4A933ED-A584-46D2-B667-098E0B7E74D2}.Release|Any CPU.ActiveCfg = Release|Any CPU
		{F4A933ED-A584-46D2-B667-098E0B7E74D2}.Release|Any CPU.Build.0 = Release|Any CPU
		{A7DF87F2-19EE-4395-AE09-61C2D45C942C}.Debug|Any CPU.ActiveCfg = Debug|Any CPU
		{A7DF87F2-19EE-4395-AE09-61C2D45C942C}.Debug|Any CPU.Build.0 = Debug|Any CPU
		{A7DF87F2-19EE-4395-AE09-61C2D45C942C}.Release|Any CPU.ActiveCfg = Release|Any CPU
		{A7DF87F2-19EE-4395-AE09-61C2D45C942C}.Release|Any CPU.Build.0 = Release|Any CPU
	EndGlobalSection
	GlobalSection(SolutionProperties) = preSolution
		HideSolutionNode = FALSE
	EndGlobalSection
EndGlobal
