
Microsoft Visual Studio Solution File, Format Version 12.00
# Visual Studio 2012
Project("{FAE04EC0-301F-11D3-BF4B-00C04F79EFBC}") = "ViagogoWatcher.Model.Test", "ViagogoWatcher.Model.Test\ViagogoWatcher.Model.Test.csproj", "{7C370452-955B-4160-91BD-23C9CF44249A}"
EndProject
Project("{FAE04EC0-301F-11D3-BF4B-00C04F79EFBC}") = "ViagogoWatcher.ConsoleWatcher", "ViagogoWatcher.ConsoleWatcher\ViagogoWatcher.ConsoleWatcher.csproj", "{F4A933ED-A584-46D2-B667-098E0B7E74D2}"
EndProject
Project("{FAE04EC0-301F-11D3-BF4B-00C04F79EFBC}") = "ViagogoWatcher.Model", "ViagogoWatcher.Model\ViagogoWatcher.Model.csproj", "{A7DF87F2-19EE-4395-AE09-61C2D45C942C}"
EndProject
Project("{FAE04EC0-301F-11D3-BF4B-00C04F79EFBC}") = "ViagogoWatcher.Service", "ViagogoWatcher.Service\ViagogoWatcher.Service.csproj", "{DE56C692-F9B5-41D2-B63E-CC647D322887}"
EndProject
Project("{CC5FD16D-436D-48AD-A40C-5A424C6E3E79}") = "ViagogoWatcher.Azure.Service", "ViagogoWatcher.Azure.Service\ViagogoWatcher.Azure.Service.ccproj", "{0DFC9B89-B54D-44F1-9A02-8E213A4EB1EB}"
EndProject
Project("{FAE04EC0-301F-11D3-BF4B-00C04F79EFBC}") = "ViagogoWatcher.WorkerRole", "ViagogoWatcher.WorkerRole\ViagogoWatcher.WorkerRole.csproj", "{6C764DC2-6834-4D91-80E2-2623BEF38C86}"
EndProject
Global
	GlobalSection(SolutionConfigurationPlatforms) = preSolution
		Debug|Any CPU = Debug|Any CPU
		Release|Any CPU = Release|Any CPU
	EndGlobalSection
	GlobalSection(ProjectConfigurationPlatforms) = postSolution
		{7C370452-955B-4160-91BD-23C9CF44249A}.Debug|Any CPU.ActiveCfg = Debug|Any CPU
		{7C370452-955B-4160-91BD-23C9CF44249A}.Debug|Any CPU.Build.0 = Debug|Any CPU
		{7C370452-955B-4160-91BD-23C9CF44249A}.Release|Any CPU.ActiveCfg = Release|Any CPU
		{7C370452-955B-4160-91BD-23C9CF44249A}.Release|Any CPU.Build.0 = Release|Any CPU
		{F4A933ED-A584-46D2-B667-098E0B7E74D2}.Debug|Any CPU.ActiveCfg = Debug|Any CPU
		{F4A933ED-A584-46D2-B667-098E0B7E74D2}.Debug|Any CPU.Build.0 = Debug|Any CPU
		{F4A933ED-A584-46D2-B667-098E0B7E74D2}.Release|Any CPU.ActiveCfg = Release|Any CPU
		{F4A933ED-A584-46D2-B667-098E0B7E74D2}.Release|Any CPU.Build.0 = Release|Any CPU
		{A7DF87F2-19EE-4395-AE09-61C2D45C942C}.Debug|Any CPU.ActiveCfg = Debug|Any CPU
		{A7DF87F2-19EE-4395-AE09-61C2D45C942C}.Debug|Any CPU.Build.0 = Debug|Any CPU
		{A7DF87F2-19EE-4395-AE09-61C2D45C942C}.Release|Any CPU.ActiveCfg = Release|Any CPU
		{A7DF87F2-19EE-4395-AE09-61C2D45C942C}.Release|Any CPU.Build.0 = Release|Any CPU
		{DE56C692-F9B5-41D2-B63E-CC647D322887}.Debug|Any CPU.ActiveCfg = Debug|Any CPU
		{DE56C692-F9B5-41D2-B63E-CC647D322887}.Debug|Any CPU.Build.0 = Debug|Any CPU
		{DE56C692-F9B5-41D2-B63E-CC647D322887}.Release|Any CPU.ActiveCfg = Release|Any CPU
		{DE56C692-F9B5-41D2-B63E-CC647D322887}.Release|Any CPU.Build.0 = Release|Any CPU
		{0DFC9B89-B54D-44F1-9A02-8E213A4EB1EB}.Debug|Any CPU.ActiveCfg = Debug|Any CPU
		{0DFC9B89-B54D-44F1-9A02-8E213A4EB1EB}.Debug|Any CPU.Build.0 = Debug|Any CPU
		{0DFC9B89-B54D-44F1-9A02-8E213A4EB1EB}.Release|Any CPU.ActiveCfg = Release|Any CPU
		{0DFC9B89-B54D-44F1-9A02-8E213A4EB1EB}.Release|Any CPU.Build.0 = Release|Any CPU
		{6C764DC2-6834-4D91-80E2-2623BEF38C86}.Debug|Any CPU.ActiveCfg = Debug|Any CPU
		{6C764DC2-6834-4D91-80E2-2623BEF38C86}.Debug|Any CPU.Build.0 = Debug|Any CPU
		{6C764DC2-6834-4D91-80E2-2623BEF38C86}.Release|Any CPU.ActiveCfg = Release|Any CPU
		{6C764DC2-6834-4D91-80E2-2623BEF38C86}.Release|Any CPU.Build.0 = Release|Any CPU
	EndGlobalSection
	GlobalSection(SolutionProperties) = preSolution
		HideSolutionNode = FALSE
	EndGlobalSection
EndGlobal
